// !$*UTF8*$!
{
	archiveVersion = 1;
	classes = {
	};
	objectVersion = 56;
	objects = {

/* Begin PBXBuildFile section */
		A34E62B71E06A6DED2EC8BF1 /* Pods_Crave.framework in Frameworks */ = {isa = PBXBuildFile; fileRef = A8A5522AE7DB00E9FDA66669 /* Pods_Crave.framework */; };
		CB35E8E32A62685800B8BD7D /* AppDelegate.swift in Sources */ = {isa = PBXBuildFile; fileRef = CB35E8E22A62685800B8BD7D /* AppDelegate.swift */; };
		CB35E8E52A62685800B8BD7D /* SceneDelegate.swift in Sources */ = {isa = PBXBuildFile; fileRef = CB35E8E42A62685800B8BD7D /* SceneDelegate.swift */; };
		CB35E8E72A62685800B8BD7D /* SplashViewController.swift in Sources */ = {isa = PBXBuildFile; fileRef = CB35E8E62A62685800B8BD7D /* SplashViewController.swift */; };
		CB35E8EA2A62685800B8BD7D /* Main.storyboard in Resources */ = {isa = PBXBuildFile; fileRef = CB35E8E82A62685800B8BD7D /* Main.storyboard */; };
		CB35E8EC2A62685A00B8BD7D /* Assets.xcassets in Resources */ = {isa = PBXBuildFile; fileRef = CB35E8EB2A62685A00B8BD7D /* Assets.xcassets */; };
		CB35E8EF2A62685A00B8BD7D /* LaunchScreen.storyboard in Resources */ = {isa = PBXBuildFile; fileRef = CB35E8ED2A62685A00B8BD7D /* LaunchScreen.storyboard */; };
		CB35E8FB2A62A25F00B8BD7D /* ImageViewExtension.swift in Sources */ = {isa = PBXBuildFile; fileRef = CB35E8FA2A62A25F00B8BD7D /* ImageViewExtension.swift */; };
		CB35E8FE2A63039F00B8BD7D /* NavigationManager.swift in Sources */ = {isa = PBXBuildFile; fileRef = CB35E8FD2A63039F00B8BD7D /* NavigationManager.swift */; };
		CB35E9012A63056500B8BD7D /* Constants.swift in Sources */ = {isa = PBXBuildFile; fileRef = CB35E9002A63056500B8BD7D /* Constants.swift */; };
		CB531E522A6613B50070C4B5 /* CategoryService.swift in Sources */ = {isa = PBXBuildFile; fileRef = CB531E512A6613B50070C4B5 /* CategoryService.swift */; };
		CB531E552A66162A0070C4B5 /* Keys.swift in Sources */ = {isa = PBXBuildFile; fileRef = CB531E542A66162A0070C4B5 /* Keys.swift */; };
		CB531E572A6619AA0070C4B5 /* HomeViewController.swift in Sources */ = {isa = PBXBuildFile; fileRef = CB531E562A6619AA0070C4B5 /* HomeViewController.swift */; };
		CB531E592A661B8F0070C4B5 /* NetworkModel.swift in Sources */ = {isa = PBXBuildFile; fileRef = CB531E582A661B8E0070C4B5 /* NetworkModel.swift */; };
		CB531E5C2A6620870070C4B5 /* UrlGenerator.swift in Sources */ = {isa = PBXBuildFile; fileRef = CB531E5B2A6620870070C4B5 /* UrlGenerator.swift */; };
/* End PBXBuildFile section */

/* Begin PBXFileReference section */
		135D415A48B9601406D3B1B5 /* Pods-Crave.debug.xcconfig */ = {isa = PBXFileReference; includeInIndex = 1; lastKnownFileType = text.xcconfig; name = "Pods-Crave.debug.xcconfig"; path = "Target Support Files/Pods-Crave/Pods-Crave.debug.xcconfig"; sourceTree = "<group>"; };
		136D34480AC80292945AEF89 /* Pods-Crave.release.xcconfig */ = {isa = PBXFileReference; includeInIndex = 1; lastKnownFileType = text.xcconfig; name = "Pods-Crave.release.xcconfig"; path = "Target Support Files/Pods-Crave/Pods-Crave.release.xcconfig"; sourceTree = "<group>"; };
		A8A5522AE7DB00E9FDA66669 /* Pods_Crave.framework */ = {isa = PBXFileReference; explicitFileType = wrapper.framework; includeInIndex = 0; path = Pods_Crave.framework; sourceTree = BUILT_PRODUCTS_DIR; };
		CB35E8DF2A62685800B8BD7D /* Crave.app */ = {isa = PBXFileReference; explicitFileType = wrapper.application; includeInIndex = 0; path = Crave.app; sourceTree = BUILT_PRODUCTS_DIR; };
		CB35E8E22A62685800B8BD7D /* AppDelegate.swift */ = {isa = PBXFileReference; lastKnownFileType = sourcecode.swift; path = AppDelegate.swift; sourceTree = "<group>"; };
		CB35E8E42A62685800B8BD7D /* SceneDelegate.swift */ = {isa = PBXFileReference; lastKnownFileType = sourcecode.swift; path = SceneDelegate.swift; sourceTree = "<group>"; };
		CB35E8E62A62685800B8BD7D /* SplashViewController.swift */ = {isa = PBXFileReference; lastKnownFileType = sourcecode.swift; path = SplashViewController.swift; sourceTree = "<group>"; };
		CB35E8E92A62685800B8BD7D /* Base */ = {isa = PBXFileReference; lastKnownFileType = file.storyboard; name = Base; path = Base.lproj/Main.storyboard; sourceTree = "<group>"; };
		CB35E8EB2A62685A00B8BD7D /* Assets.xcassets */ = {isa = PBXFileReference; lastKnownFileType = folder.assetcatalog; path = Assets.xcassets; sourceTree = "<group>"; };
		CB35E8EE2A62685A00B8BD7D /* Base */ = {isa = PBXFileReference; lastKnownFileType = file.storyboard; name = Base; path = Base.lproj/LaunchScreen.storyboard; sourceTree = "<group>"; };
		CB35E8F02A62685A00B8BD7D /* Info.plist */ = {isa = PBXFileReference; lastKnownFileType = text.plist.xml; path = Info.plist; sourceTree = "<group>"; };
		CB35E8FA2A62A25F00B8BD7D /* ImageViewExtension.swift */ = {isa = PBXFileReference; lastKnownFileType = sourcecode.swift; path = ImageViewExtension.swift; sourceTree = "<group>"; };
		CB35E8FD2A63039F00B8BD7D /* NavigationManager.swift */ = {isa = PBXFileReference; lastKnownFileType = sourcecode.swift; path = NavigationManager.swift; sourceTree = "<group>"; };
		CB35E9002A63056500B8BD7D /* Constants.swift */ = {isa = PBXFileReference; lastKnownFileType = sourcecode.swift; path = Constants.swift; sourceTree = "<group>"; };
		CB531E512A6613B50070C4B5 /* CategoryService.swift */ = {isa = PBXFileReference; lastKnownFileType = sourcecode.swift; path = CategoryService.swift; sourceTree = "<group>"; };
		CB531E542A66162A0070C4B5 /* Keys.swift */ = {isa = PBXFileReference; lastKnownFileType = sourcecode.swift; path = Keys.swift; sourceTree = "<group>"; };
		CB531E562A6619AA0070C4B5 /* HomeViewController.swift */ = {isa = PBXFileReference; lastKnownFileType = sourcecode.swift; path = HomeViewController.swift; sourceTree = "<group>"; };
		CB531E582A661B8E0070C4B5 /* NetworkModel.swift */ = {isa = PBXFileReference; lastKnownFileType = sourcecode.swift; path = NetworkModel.swift; sourceTree = "<group>"; };
		CB531E5B2A6620870070C4B5 /* UrlGenerator.swift */ = {isa = PBXFileReference; lastKnownFileType = sourcecode.swift; path = UrlGenerator.swift; sourceTree = "<group>"; };
/* End PBXFileReference section */

/* Begin PBXFrameworksBuildPhase section */
		CB35E8DC2A62685800B8BD7D /* Frameworks */ = {
			isa = PBXFrameworksBuildPhase;
			buildActionMask = 2147483647;
			files = (
				A34E62B71E06A6DED2EC8BF1 /* Pods_Crave.framework in Frameworks */,
			);
			runOnlyForDeploymentPostprocessing = 0;
		};
/* End PBXFrameworksBuildPhase section */

/* Begin PBXGroup section */
		84AAF6DF3D1A8846F90BCBBD /* Frameworks */ = {
			isa = PBXGroup;
			children = (
				A8A5522AE7DB00E9FDA66669 /* Pods_Crave.framework */,
			);
			name = Frameworks;
			sourceTree = "<group>";
		};
		BF3D09DFAC949FB2B77D1E30 /* Pods */ = {
			isa = PBXGroup;
			children = (
				135D415A48B9601406D3B1B5 /* Pods-Crave.debug.xcconfig */,
				136D34480AC80292945AEF89 /* Pods-Crave.release.xcconfig */,
			);
			path = Pods;
			sourceTree = "<group>";
		};
		CB35E8D62A62685800B8BD7D = {
			isa = PBXGroup;
			children = (
				CB35E8E12A62685800B8BD7D /* Crave */,
				CB35E8E02A62685800B8BD7D /* Products */,
				BF3D09DFAC949FB2B77D1E30 /* Pods */,
				84AAF6DF3D1A8846F90BCBBD /* Frameworks */,
			);
			sourceTree = "<group>";
		};
		CB35E8E02A62685800B8BD7D /* Products */ = {
			isa = PBXGroup;
			children = (
				CB35E8DF2A62685800B8BD7D /* Crave.app */,
			);
			name = Products;
			sourceTree = "<group>";
		};
		CB35E8E12A62685800B8BD7D /* Crave */ = {
			isa = PBXGroup;
			children = (
				CB531E532A6616030070C4B5 /* Private */,
				CB531E502A66136A0070C4B5 /* Network */,
				CB35E8FF2A63053D00B8BD7D /* Util */,
				CB35E8FC2A63035500B8BD7D /* Manager */,
				CB35E8F92A62A20B00B8BD7D /* Extension */,
				CB35E8F82A628F8800B8BD7D /* AppDelegate */,
				CB35E8F72A628F3400B8BD7D /* StoryBoard */,
				CB35E8F62A628E9B00B8BD7D /* ViewController */,
				CB35E8EB2A62685A00B8BD7D /* Assets.xcassets */,
				CB35E8F02A62685A00B8BD7D /* Info.plist */,
			);
			path = Crave;
			sourceTree = "<group>";
		};
		CB35E8F62A628E9B00B8BD7D /* ViewController */ = {
			isa = PBXGroup;
			children = (
				CB35E8E62A62685800B8BD7D /* SplashViewController.swift */,
				CB531E562A6619AA0070C4B5 /* HomeViewController.swift */,
			);
			path = ViewController;
			sourceTree = "<group>";
		};
		CB35E8F72A628F3400B8BD7D /* StoryBoard */ = {
			isa = PBXGroup;
			children = (
				CB35E8E82A62685800B8BD7D /* Main.storyboard */,
				CB35E8ED2A62685A00B8BD7D /* LaunchScreen.storyboard */,
			);
			path = StoryBoard;
			sourceTree = "<group>";
		};
		CB35E8F82A628F8800B8BD7D /* AppDelegate */ = {
			isa = PBXGroup;
			children = (
				CB35E8E42A62685800B8BD7D /* SceneDelegate.swift */,
				CB35E8E22A62685800B8BD7D /* AppDelegate.swift */,
			);
			path = AppDelegate;
			sourceTree = "<group>";
		};
		CB35E8F92A62A20B00B8BD7D /* Extension */ = {
			isa = PBXGroup;
			children = (
				CB35E8FA2A62A25F00B8BD7D /* ImageViewExtension.swift */,
			);
			path = Extension;
			sourceTree = "<group>";
		};
		CB35E8FC2A63035500B8BD7D /* Manager */ = {
			isa = PBXGroup;
			children = (
				CB35E8FD2A63039F00B8BD7D /* NavigationManager.swift */,
			);
			path = Manager;
			sourceTree = "<group>";
		};
		CB35E8FF2A63053D00B8BD7D /* Util */ = {
			isa = PBXGroup;
			children = (
				CB35E9002A63056500B8BD7D /* Constants.swift */,
			);
			path = Util;
			sourceTree = "<group>";
		};
		CB531E502A66136A0070C4B5 /* Network */ = {
			isa = PBXGroup;
			children = (
				CB531E512A6613B50070C4B5 /* CategoryService.swift */,
				CB531E582A661B8E0070C4B5 /* NetworkModel.swift */,
				CB531E5B2A6620870070C4B5 /* UrlGenerator.swift */,
			);
			path = Network;
			sourceTree = "<group>";
		};
		CB531E532A6616030070C4B5 /* Private */ = {
			isa = PBXGroup;
			children = (
				CB531E542A66162A0070C4B5 /* Keys.swift */,
			);
			path = Private;
			sourceTree = "<group>";
		};
/* End PBXGroup section */

/* Begin PBXNativeTarget section */
		CB35E8DE2A62685800B8BD7D /* Crave */ = {
			isa = PBXNativeTarget;
			buildConfigurationList = CB35E8F32A62685A00B8BD7D /* Build configuration list for PBXNativeTarget "Crave" */;
			buildPhases = (
				F7956084C4D5FF4B3EA42AFA /* [CP] Check Pods Manifest.lock */,
				CB35E8DB2A62685800B8BD7D /* Sources */,
				CB35E8DC2A62685800B8BD7D /* Frameworks */,
				CB35E8DD2A62685800B8BD7D /* Resources */,
				EAE5A4D5132AB002DCF50F87 /* [CP] Embed Pods Frameworks */,
			);
			buildRules = (
			);
			dependencies = (
			);
			name = Crave;
			productName = Crave;
			productReference = CB35E8DF2A62685800B8BD7D /* Crave.app */;
			productType = "com.apple.product-type.application";
		};
/* End PBXNativeTarget section */

/* Begin PBXProject section */
		CB35E8D72A62685800B8BD7D /* Project object */ = {
			isa = PBXProject;
			attributes = {
				BuildIndependentTargetsInParallel = 1;
				LastSwiftUpdateCheck = 1430;
				LastUpgradeCheck = 1430;
				TargetAttributes = {
					CB35E8DE2A62685800B8BD7D = {
						CreatedOnToolsVersion = 14.3;
					};
				};
			};
			buildConfigurationList = CB35E8DA2A62685800B8BD7D /* Build configuration list for PBXProject "Crave" */;
			compatibilityVersion = "Xcode 14.0";
			developmentRegion = en;
			hasScannedForEncodings = 0;
			knownRegions = (
				en,
				Base,
			);
			mainGroup = CB35E8D62A62685800B8BD7D;
			productRefGroup = CB35E8E02A62685800B8BD7D /* Products */;
			projectDirPath = "";
			projectRoot = "";
			targets = (
				CB35E8DE2A62685800B8BD7D /* Crave */,
			);
		};
/* End PBXProject section */

/* Begin PBXResourcesBuildPhase section */
		CB35E8DD2A62685800B8BD7D /* Resources */ = {
			isa = PBXResourcesBuildPhase;
			buildActionMask = 2147483647;
			files = (
				CB35E8EF2A62685A00B8BD7D /* LaunchScreen.storyboard in Resources */,
				CB35E8EC2A62685A00B8BD7D /* Assets.xcassets in Resources */,
				CB35E8EA2A62685800B8BD7D /* Main.storyboard in Resources */,
			);
			runOnlyForDeploymentPostprocessing = 0;
		};
/* End PBXResourcesBuildPhase section */

/* Begin PBXShellScriptBuildPhase section */
		EAE5A4D5132AB002DCF50F87 /* [CP] Embed Pods Frameworks */ = {
			isa = PBXShellScriptBuildPhase;
			buildActionMask = 2147483647;
			files = (
			);
			inputFileListPaths = (
				"${PODS_ROOT}/Target Support Files/Pods-Crave/Pods-Crave-frameworks-${CONFIGURATION}-input-files.xcfilelist",
			);
			name = "[CP] Embed Pods Frameworks";
			outputFileListPaths = (
				"${PODS_ROOT}/Target Support Files/Pods-Crave/Pods-Crave-frameworks-${CONFIGURATION}-output-files.xcfilelist",
			);
			runOnlyForDeploymentPostprocessing = 0;
			shellPath = /bin/sh;
			shellScript = "\"${PODS_ROOT}/Target Support Files/Pods-Crave/Pods-Crave-frameworks.sh\"\n";
			showEnvVarsInLog = 0;
		};
		F7956084C4D5FF4B3EA42AFA /* [CP] Check Pods Manifest.lock */ = {
			isa = PBXShellScriptBuildPhase;
			buildActionMask = 2147483647;
			files = (
			);
			inputFileListPaths = (
			);
			inputPaths = (
				"${PODS_PODFILE_DIR_PATH}/Podfile.lock",
				"${PODS_ROOT}/Manifest.lock",
			);
			name = "[CP] Check Pods Manifest.lock";
			outputFileListPaths = (
			);
			outputPaths = (
				"$(DERIVED_FILE_DIR)/Pods-Crave-checkManifestLockResult.txt",
			);
			runOnlyForDeploymentPostprocessing = 0;
			shellPath = /bin/sh;
			shellScript = "diff \"${PODS_PODFILE_DIR_PATH}/Podfile.lock\" \"${PODS_ROOT}/Manifest.lock\" > /dev/null\nif [ $? != 0 ] ; then\n    # print error to STDERR\n    echo \"error: The sandbox is not in sync with the Podfile.lock. Run 'pod install' or update your CocoaPods installation.\" >&2\n    exit 1\nfi\n# This output is used by Xcode 'outputs' to avoid re-running this script phase.\necho \"SUCCESS\" > \"${SCRIPT_OUTPUT_FILE_0}\"\n";
			showEnvVarsInLog = 0;
		};
/* End PBXShellScriptBuildPhase section */

/* Begin PBXSourcesBuildPhase section */
		CB35E8DB2A62685800B8BD7D /* Sources */ = {
			isa = PBXSourcesBuildPhase;
			buildActionMask = 2147483647;
			files = (
				CB35E8E72A62685800B8BD7D /* SplashViewController.swift in Sources */,
				CB531E552A66162A0070C4B5 /* Keys.swift in Sources */,
				CB35E8E32A62685800B8BD7D /* AppDelegate.swift in Sources */,
				CB35E8FB2A62A25F00B8BD7D /* ImageViewExtension.swift in Sources */,
				CB531E522A6613B50070C4B5 /* CategoryService.swift in Sources */,
				CB531E572A6619AA0070C4B5 /* HomeViewController.swift in Sources */,
				CB35E8E52A62685800B8BD7D /* SceneDelegate.swift in Sources */,
				CB531E5C2A6620870070C4B5 /* UrlGenerator.swift in Sources */,
				CB35E8FE2A63039F00B8BD7D /* NavigationManager.swift in Sources */,
				CB531E592A661B8F0070C4B5 /* NetworkModel.swift in Sources */,
				CB35E9012A63056500B8BD7D /* Constants.swift in Sources */,
			);
			runOnlyForDeploymentPostprocessing = 0;
		};
/* End PBXSourcesBuildPhase section */

/* Begin PBXVariantGroup section */
		CB35E8E82A62685800B8BD7D /* Main.storyboard */ = {
			isa = PBXVariantGroup;
			children = (
				CB35E8E92A62685800B8BD7D /* Base */,
			);
			name = Main.storyboard;
			sourceTree = "<group>";
		};
		CB35E8ED2A62685A00B8BD7D /* LaunchScreen.storyboard */ = {
			isa = PBXVariantGroup;
			children = (
				CB35E8EE2A62685A00B8BD7D /* Base */,
			);
			name = LaunchScreen.storyboard;
			sourceTree = "<group>";
		};
/* End PBXVariantGroup section */

/* Begin XCBuildConfiguration section */
		CB35E8F12A62685A00B8BD7D /* Debug */ = {
			isa = XCBuildConfiguration;
			buildSettings = {
				ALWAYS_SEARCH_USER_PATHS = NO;
				CLANG_ANALYZER_NONNULL = YES;
				CLANG_ANALYZER_NUMBER_OBJECT_CONVERSION = YES_AGGRESSIVE;
				CLANG_CXX_LANGUAGE_STANDARD = "gnu++20";
				CLANG_ENABLE_MODULES = YES;
				CLANG_ENABLE_OBJC_ARC = YES;
				CLANG_ENABLE_OBJC_WEAK = YES;
				CLANG_WARN_BLOCK_CAPTURE_AUTORELEASING = YES;
				CLANG_WARN_BOOL_CONVERSION = YES;
				CLANG_WARN_COMMA = YES;
				CLANG_WARN_CONSTANT_CONVERSION = YES;
				CLANG_WARN_DEPRECATED_OBJC_IMPLEMENTATIONS = YES;
				CLANG_WARN_DIRECT_OBJC_ISA_USAGE = YES_ERROR;
				CLANG_WARN_DOCUMENTATION_COMMENTS = YES;
				CLANG_WARN_EMPTY_BODY = YES;
				CLANG_WARN_ENUM_CONVERSION = YES;
				CLANG_WARN_INFINITE_RECURSION = YES;
				CLANG_WARN_INT_CONVERSION = YES;
				CLANG_WARN_NON_LITERAL_NULL_CONVERSION = YES;
				CLANG_WARN_OBJC_IMPLICIT_RETAIN_SELF = YES;
				CLANG_WARN_OBJC_LITERAL_CONVERSION = YES;
				CLANG_WARN_OBJC_ROOT_CLASS = YES_ERROR;
				CLANG_WARN_QUOTED_INCLUDE_IN_FRAMEWORK_HEADER = YES;
				CLANG_WARN_RANGE_LOOP_ANALYSIS = YES;
				CLANG_WARN_STRICT_PROTOTYPES = YES;
				CLANG_WARN_SUSPICIOUS_MOVE = YES;
				CLANG_WARN_UNGUARDED_AVAILABILITY = YES_AGGRESSIVE;
				CLANG_WARN_UNREACHABLE_CODE = YES;
				CLANG_WARN__DUPLICATE_METHOD_MATCH = YES;
				COPY_PHASE_STRIP = NO;
				DEBUG_INFORMATION_FORMAT = dwarf;
				ENABLE_STRICT_OBJC_MSGSEND = YES;
				ENABLE_TESTABILITY = YES;
				GCC_C_LANGUAGE_STANDARD = gnu11;
				GCC_DYNAMIC_NO_PIC = NO;
				GCC_NO_COMMON_BLOCKS = YES;
				GCC_OPTIMIZATION_LEVEL = 0;
				GCC_PREPROCESSOR_DEFINITIONS = (
					"DEBUG=1",
					"$(inherited)",
				);
				GCC_WARN_64_TO_32_BIT_CONVERSION = YES;
				GCC_WARN_ABOUT_RETURN_TYPE = YES_ERROR;
				GCC_WARN_UNDECLARED_SELECTOR = YES;
				GCC_WARN_UNINITIALIZED_AUTOS = YES_AGGRESSIVE;
				GCC_WARN_UNUSED_FUNCTION = YES;
				GCC_WARN_UNUSED_VARIABLE = YES;
				IPHONEOS_DEPLOYMENT_TARGET = 16.4;
				MTL_ENABLE_DEBUG_INFO = INCLUDE_SOURCE;
				MTL_FAST_MATH = YES;
				ONLY_ACTIVE_ARCH = YES;
				SDKROOT = iphoneos;
				SWIFT_ACTIVE_COMPILATION_CONDITIONS = DEBUG;
				SWIFT_OPTIMIZATION_LEVEL = "-Onone";
			};
			name = Debug;
		};
		CB35E8F22A62685A00B8BD7D /* Release */ = {
			isa = XCBuildConfiguration;
			buildSettings = {
				ALWAYS_SEARCH_USER_PATHS = NO;
				CLANG_ANALYZER_NONNULL = YES;
				CLANG_ANALYZER_NUMBER_OBJECT_CONVERSION = YES_AGGRESSIVE;
				CLANG_CXX_LANGUAGE_STANDARD = "gnu++20";
				CLANG_ENABLE_MODULES = YES;
				CLANG_ENABLE_OBJC_ARC = YES;
				CLANG_ENABLE_OBJC_WEAK = YES;
				CLANG_WARN_BLOCK_CAPTURE_AUTORELEASING = YES;
				CLANG_WARN_BOOL_CONVERSION = YES;
				CLANG_WARN_COMMA = YES;
				CLANG_WARN_CONSTANT_CONVERSION = YES;
				CLANG_WARN_DEPRECATED_OBJC_IMPLEMENTATIONS = YES;
				CLANG_WARN_DIRECT_OBJC_ISA_USAGE = YES_ERROR;
				CLANG_WARN_DOCUMENTATION_COMMENTS = YES;
				CLANG_WARN_EMPTY_BODY = YES;
				CLANG_WARN_ENUM_CONVERSION = YES;
				CLANG_WARN_INFINITE_RECURSION = YES;
				CLANG_WARN_INT_CONVERSION = YES;
				CLANG_WARN_NON_LITERAL_NULL_CONVERSION = YES;
				CLANG_WARN_OBJC_IMPLICIT_RETAIN_SELF = YES;
				CLANG_WARN_OBJC_LITERAL_CONVERSION = YES;
				CLANG_WARN_OBJC_ROOT_CLASS = YES_ERROR;
				CLANG_WARN_QUOTED_INCLUDE_IN_FRAMEWORK_HEADER = YES;
				CLANG_WARN_RANGE_LOOP_ANALYSIS = YES;
				CLANG_WARN_STRICT_PROTOTYPES = YES;
				CLANG_WARN_SUSPICIOUS_MOVE = YES;
				CLANG_WARN_UNGUARDED_AVAILABILITY = YES_AGGRESSIVE;
				CLANG_WARN_UNREACHABLE_CODE = YES;
				CLANG_WARN__DUPLICATE_METHOD_MATCH = YES;
				COPY_PHASE_STRIP = NO;
				DEBUG_INFORMATION_FORMAT = "dwarf-with-dsym";
				ENABLE_NS_ASSERTIONS = NO;
				ENABLE_STRICT_OBJC_MSGSEND = YES;
				GCC_C_LANGUAGE_STANDARD = gnu11;
				GCC_NO_COMMON_BLOCKS = YES;
				GCC_WARN_64_TO_32_BIT_CONVERSION = YES;
				GCC_WARN_ABOUT_RETURN_TYPE = YES_ERROR;
				GCC_WARN_UNDECLARED_SELECTOR = YES;
				GCC_WARN_UNINITIALIZED_AUTOS = YES_AGGRESSIVE;
				GCC_WARN_UNUSED_FUNCTION = YES;
				GCC_WARN_UNUSED_VARIABLE = YES;
				IPHONEOS_DEPLOYMENT_TARGET = 16.4;
				MTL_ENABLE_DEBUG_INFO = NO;
				MTL_FAST_MATH = YES;
				SDKROOT = iphoneos;
				SWIFT_COMPILATION_MODE = wholemodule;
				SWIFT_OPTIMIZATION_LEVEL = "-O";
				VALIDATE_PRODUCT = YES;
			};
			name = Release;
		};
		CB35E8F42A62685A00B8BD7D /* Debug */ = {
			isa = XCBuildConfiguration;
			baseConfigurationReference = 135D415A48B9601406D3B1B5 /* Pods-Crave.debug.xcconfig */;
			buildSettings = {
				ASSETCATALOG_COMPILER_APPICON_NAME = AppIcon;
				ASSETCATALOG_COMPILER_GLOBAL_ACCENT_COLOR_NAME = AccentColor;
				CODE_SIGN_STYLE = Automatic;
				CURRENT_PROJECT_VERSION = 1;
				GENERATE_INFOPLIST_FILE = YES;
				INFOPLIST_FILE = Crave/Info.plist;
				INFOPLIST_KEY_UIApplicationSupportsIndirectInputEvents = YES;
				INFOPLIST_KEY_UILaunchStoryboardName = LaunchScreen;
				INFOPLIST_KEY_UIMainStoryboardFile = Main;
				INFOPLIST_KEY_UISupportedInterfaceOrientations_iPad = "UIInterfaceOrientationPortrait UIInterfaceOrientationPortraitUpsideDown UIInterfaceOrientationLandscapeLeft UIInterfaceOrientationLandscapeRight";
				INFOPLIST_KEY_UISupportedInterfaceOrientations_iPhone = "UIInterfaceOrientationPortrait UIInterfaceOrientationLandscapeLeft UIInterfaceOrientationLandscapeRight";
				LD_RUNPATH_SEARCH_PATHS = (
					"$(inherited)",
					"@executable_path/Frameworks",
				);
				MARKETING_VERSION = 1.0;
				PRODUCT_BUNDLE_IDENTIFIER = com.yousuf.shawon.Crave;
				PRODUCT_NAME = "$(TARGET_NAME)";
				SWIFT_EMIT_LOC_STRINGS = YES;
				SWIFT_VERSION = 5.0;
				TARGETED_DEVICE_FAMILY = "1,2";
			};
			name = Debug;
		};
		CB35E8F52A62685A00B8BD7D /* Release */ = {
			isa = XCBuildConfiguration;
			baseConfigurationReference = 136D34480AC80292945AEF89 /* Pods-Crave.release.xcconfig */;
			buildSettings = {
				ASSETCATALOG_COMPILER_APPICON_NAME = AppIcon;
				ASSETCATALOG_COMPILER_GLOBAL_ACCENT_COLOR_NAME = AccentColor;
				CODE_SIGN_STYLE = Automatic;
				CURRENT_PROJECT_VERSION = 1;
				GENERATE_INFOPLIST_FILE = YES;
				INFOPLIST_FILE = Crave/Info.plist;
				INFOPLIST_KEY_UIApplicationSupportsIndirectInputEvents = YES;
				INFOPLIST_KEY_UILaunchStoryboardName = LaunchScreen;
				INFOPLIST_KEY_UIMainStoryboardFile = Main;
				INFOPLIST_KEY_UISupportedInterfaceOrientations_iPad = "UIInterfaceOrientationPortrait UIInterfaceOrientationPortraitUpsideDown UIInterfaceOrientationLandscapeLeft UIInterfaceOrientationLandscapeRight";
				INFOPLIST_KEY_UISupportedInterfaceOrientations_iPhone = "UIInterfaceOrientationPortrait UIInterfaceOrientationLandscapeLeft UIInterfaceOrientationLandscapeRight";
				LD_RUNPATH_SEARCH_PATHS = (
					"$(inherited)",
					"@executable_path/Frameworks",
				);
				MARKETING_VERSION = 1.0;
				PRODUCT_BUNDLE_IDENTIFIER = com.yousuf.shawon.Crave;
				PRODUCT_NAME = "$(TARGET_NAME)";
				SWIFT_EMIT_LOC_STRINGS = YES;
				SWIFT_VERSION = 5.0;
				TARGETED_DEVICE_FAMILY = "1,2";
			};
			name = Release;
		};
/* End XCBuildConfiguration section */

/* Begin XCConfigurationList section */
		CB35E8DA2A62685800B8BD7D /* Build configuration list for PBXProject "Crave" */ = {
			isa = XCConfigurationList;
			buildConfigurations = (
				CB35E8F12A62685A00B8BD7D /* Debug */,
				CB35E8F22A62685A00B8BD7D /* Release */,
			);
			defaultConfigurationIsVisible = 0;
			defaultConfigurationName = Release;
		};
		CB35E8F32A62685A00B8BD7D /* Build configuration list for PBXNativeTarget "Crave" */ = {
			isa = XCConfigurationList;
			buildConfigurations = (
				CB35E8F42A62685A00B8BD7D /* Debug */,
				CB35E8F52A62685A00B8BD7D /* Release */,
			);
			defaultConfigurationIsVisible = 0;
			defaultConfigurationName = Release;
		};
/* End XCConfigurationList section */
	};
	rootObject = CB35E8D72A62685800B8BD7D /* Project object */;
}
